
Microsoft Visual Studio Solution File, Format Version 12.00
# Visual Studio 14
VisualStudioVersion = 14.0.25420.1
MinimumVisualStudioVersion = 10.0.40219.1
Project("{FAE04EC0-301F-11D3-BF4B-00C04F79EFBC}") = "Books.Entities", "Books.Entities\Books.Entities.csproj", "{707E0809-934F-4EB4-9A41-22AC21695D2B}"
EndProject
Project("{FAE04EC0-301F-11D3-BF4B-00C04F79EFBC}") = "Books.Web", "Books.Web\Books.Web.csproj", "{B5FED491-3201-4CC1-B199-F6F45A546C66}"
EndProject
Global
	GlobalSection(SolutionConfigurationPlatforms) = preSolution
		Debug|Any CPU = Debug|Any CPU
		Release|Any CPU = Release|Any CPU
	EndGlobalSection
	GlobalSection(ProjectConfigurationPlatforms) = postSolution
		{707E0809-934F-4EB4-9A41-22AC21695D2B}.Debug|Any CPU.ActiveCfg = Debug|Any CPU
		{707E0809-934F-4EB4-9A41-22AC21695D2B}.Debug|Any CPU.Build.0 = Debug|Any CPU
		{707E0809-934F-4EB4-9A41-22AC21695D2B}.Release|Any CPU.ActiveCfg = Release|Any CPU
		{707E0809-934F-4EB4-9A41-22AC21695D2B}.Release|Any CPU.Build.0 = Release|Any CPU
		{B5FED491-3201-4CC1-B199-F6F45A546C66}.Debug|Any CPU.ActiveCfg = Debug|Any CPU
		{B5FED491-3201-4CC1-B199-F6F45A546C66}.Debug|Any CPU.Build.0 = Debug|Any CPU
		{B5FED491-3201-4CC1-B199-F6F45A546C66}.Release|Any CPU.ActiveCfg = Release|Any CPU
		{B5FED491-3201-4CC1-B199-F6F45A546C66}.Release|Any CPU.Build.0 = Release|Any CPU
	EndGlobalSection
	GlobalSection(SolutionProperties) = preSolution
		HideSolutionNode = FALSE
	EndGlobalSection
EndGlobal
